
Microsoft Visual Studio Solution File, Format Version 12.00
# Visual Studio 15
VisualStudioVersion = 15.0.28010.2036
MinimumVisualStudioVersion = 10.0.40219.1
Project("{E24C65DC-7377-472B-9ABA-BC803B73C61A}") = "APIService", "APIService\", "{83297140-F73D-433C-8AF7-9742FB80B195}"
	ProjectSection(WebsiteProperties) = preProject
		TargetFrameworkMoniker = ".NETFramework,Version%3Dv4.6.1"
		Debug.AspNetCompiler.VirtualPath = "/localhost_60078"
		Debug.AspNetCompiler.PhysicalPath = "APIService\"
		Debug.AspNetCompiler.TargetPath = "PrecompiledWeb\localhost_60078\"
		Debug.AspNetCompiler.Updateable = "true"
		Debug.AspNetCompiler.ForceOverwrite = "true"
		Debug.AspNetCompiler.FixedNames = "false"
		Debug.AspNetCompiler.Debug = "True"
		Release.AspNetCompiler.VirtualPath = "/localhost_60078"
		Release.AspNetCompiler.PhysicalPath = "APIService\"
		Release.AspNetCompiler.TargetPath = "PrecompiledWeb\localhost_60078\"
		Release.AspNetCompiler.Updateable = "true"
		Release.AspNetCompiler.ForceOverwrite = "true"
		Release.AspNetCompiler.FixedNames = "false"
		Release.AspNetCompiler.Debug = "False"
		VWDPort = "60078"
		SlnRelativePath = "APIService\"
		DefaultWebSiteLanguage = "Visual C#"
	EndProjectSection
EndProject
Project("{FAE04EC0-301F-11D3-BF4B-00C04F79EFBC}") = "UberServiceAPI", "UberServiceAPI\UberServiceAPI.csproj", "{3D41BB45-820D-4847-A1D4-5676B9840644}"
EndProject
Global
	GlobalSection(SolutionConfigurationPlatforms) = preSolution
		Debug|Any CPU = Debug|Any CPU
		Release|Any CPU = Release|Any CPU
	EndGlobalSection
	GlobalSection(ProjectConfigurationPlatforms) = postSolution
		{83297140-F73D-433C-8AF7-9742FB80B195}.Debug|Any CPU.ActiveCfg = Debug|Any CPU
		{83297140-F73D-433C-8AF7-9742FB80B195}.Debug|Any CPU.Build.0 = Debug|Any CPU
		{83297140-F73D-433C-8AF7-9742FB80B195}.Release|Any CPU.ActiveCfg = Debug|Any CPU
		{83297140-F73D-433C-8AF7-9742FB80B195}.Release|Any CPU.Build.0 = Debug|Any CPU
		{3D41BB45-820D-4847-A1D4-5676B9840644}.Debug|Any CPU.ActiveCfg = Debug|Any CPU
		{3D41BB45-820D-4847-A1D4-5676B9840644}.Debug|Any CPU.Build.0 = Debug|Any CPU
		{3D41BB45-820D-4847-A1D4-5676B9840644}.Release|Any CPU.ActiveCfg = Release|Any CPU
		{3D41BB45-820D-4847-A1D4-5676B9840644}.Release|Any CPU.Build.0 = Release|Any CPU
	EndGlobalSection
	GlobalSection(SolutionProperties) = preSolution
		HideSolutionNode = FALSE
	EndGlobalSection
	GlobalSection(ExtensibilityGlobals) = postSolution
		SolutionGuid = {FD292D70-A4BB-4BB7-B99C-AB7CF8CA18CE}
	EndGlobalSection
EndGlobal
